
Microsoft Visual Studio Solution File, Format Version 12.00
# Visual Studio Version 17
VisualStudioVersion = 17.4.33122.133
MinimumVisualStudioVersion = 10.0.40219.1
Project("{FAE04EC0-301F-11D3-BF4B-00C04F79EFBC}") = "Computing_Machine", "Computing_Machine\Computing_Machine.csproj", "{9C3097B2-7539-4E70-AD30-5A90B5134EE6}"
EndProject
Global
	GlobalSection(SolutionConfigurationPlatforms) = preSolution
		Debug|Any CPU = Debug|Any CPU
		Release|Any CPU = Release|Any CPU
	EndGlobalSection
	GlobalSection(ProjectConfigurationPlatforms) = postSolution
		{9C3097B2-7539-4E70-AD30-5A90B5134EE6}.Debug|Any CPU.ActiveCfg = Debug|Any CPU
		{9C3097B2-7539-4E70-AD30-5A90B5134EE6}.Debug|Any CPU.Build.0 = Debug|Any CPU
		{9C3097B2-7539-4E70-AD30-5A90B5134EE6}.Release|Any CPU.ActiveCfg = Release|Any CPU
		{9C3097B2-7539-4E70-AD30-5A90B5134EE6}.Release|Any CPU.Build.0 = Release|Any CPU
	EndGlobalSection
	GlobalSection(SolutionProperties) = preSolution
		HideSolutionNode = FALSE
	EndGlobalSection
	GlobalSection(ExtensibilityGlobals) = postSolution
		SolutionGuid = {026F563D-66F5-4865-8333-B9E205C83641}
	EndGlobalSection
EndGlobal
